
Microsoft Visual Studio Solution File, Format Version 12.00
# Visual Studio 15
VisualStudioVersion = 15.0.27130.2020
MinimumVisualStudioVersion = 10.0.40219.1
Project("{FAE04EC0-301F-11D3-BF4B-00C04F79EFBC}") = "TestIfElse(10)", "TestIfElse(10)\TestIfElse(10).csproj", "{A77C5B05-57FC-4E3B-906A-D7446302260F}"
EndProject
Global
	GlobalSection(SolutionConfigurationPlatforms) = preSolution
		Debug|Any CPU = Debug|Any CPU
		Release|Any CPU = Release|Any CPU
	EndGlobalSection
	GlobalSection(ProjectConfigurationPlatforms) = postSolution
		{A77C5B05-57FC-4E3B-906A-D7446302260F}.Debug|Any CPU.ActiveCfg = Debug|Any CPU
		{A77C5B05-57FC-4E3B-906A-D7446302260F}.Debug|Any CPU.Build.0 = Debug|Any CPU
		{A77C5B05-57FC-4E3B-906A-D7446302260F}.Release|Any CPU.ActiveCfg = Release|Any CPU
		{A77C5B05-57FC-4E3B-906A-D7446302260F}.Release|Any CPU.Build.0 = Release|Any CPU
	EndGlobalSection
	GlobalSection(SolutionProperties) = preSolution
		HideSolutionNode = FALSE
	EndGlobalSection
	GlobalSection(ExtensibilityGlobals) = postSolution
		SolutionGuid = {A5C75299-DBE3-4669-8C10-B35E4CB9E351}
	EndGlobalSection
EndGlobal
